<?xml version="1.0" encoding="utf-8"?>
<Project ToolsVersion="4.0" xmlns="http://schemas.microsoft.com/developer/msbuild/2003">
  <ItemGroup>
    <Filter Include="소스 파일">
      <UniqueIdentifier>{4FC737F1-C7A5-4376-A066-2A32D752A2FF}</UniqueIdentifier>
      <Extensions>cpp;c;cc;cxx;c++;cppm;ixx;def;odl;idl;hpj;bat;asm;asmx</Extensions>
    </Filter>
    <Filter Include="헤더 파일">
      <UniqueIdentifier>{93995380-89BD-4b04-88EB-625FBE52EBFB}</UniqueIdentifier>
      <Extensions>h;hh;hpp;hxx;h++;hm;inl;inc;ipp;xsd</Extensions>
    </Filter>
    <Filter Include="리소스 파일">
      <UniqueIdentifier>{67DA6AB6-F800-4c08-8B7A-83BB121AAD01}</UniqueIdentifier>
      <Extensions>rc;ico;cur;bmp;dlg;rc2;rct;bin;rgs;gif;jpg;jpeg;jpe;resx;tiff;tif;png;wav;mfcribbon-ms</Extensions>
    </Filter>
    <Filter Include="동물시리즈">
      <UniqueIdentifier>{2cf06aae-e343-48b6-8a13-093ca5385b8c}</UniqueIdentifier>
    </Filter>
    <Filter Include="모양">
      <UniqueIdentifier>{0ab5168e-6f8f-46ff-bb06-920d905879ce}</UniqueIdentifier>
    </Filter>
    <Filter Include="자료구조">
      <UniqueIdentifier>{2ac5ca2d-0794-41ad-85ce-ec0cfc17ebce}</UniqueIdentifier>
    </Filter>
    <Filter Include="일자별 헬퍼함수">
      <UniqueIdentifier>{7f58d27b-2cef-4128-a21d-1f85fa8ffb40}</UniqueIdentifier>
    </Filter>
    <Filter Include="BattleShip">
      <UniqueIdentifier>{71b24325-3b79-4865-9573-b1cab7179d7d}</UniqueIdentifier>
    </Filter>
  </ItemGroup>
  <ItemGroup>
    <ClCompile Include="HellowWorld.cpp">
      <Filter>소스 파일</Filter>
    </ClCompile>
    <ClCompile Include="header.cpp">
      <Filter>소스 파일</Filter>
    </ClCompile>
    <ClCompile Include="TestMath.cpp">
      <Filter>소스 파일</Filter>
    </ClCompile>
    <ClCompile Include="DayOfWeek.cpp">
      <Filter>소스 파일</Filter>
    </ClCompile>
    <ClCompile Include="Blackjack.cpp">
      <Filter>소스 파일</Filter>
    </ClCompile>
    <ClCompile Include="Position.cpp">
      <Filter>소스 파일</Filter>
    </ClCompile>
    <ClCompile Include="Animal.cpp">
      <Filter>동물시리즈</Filter>
    </ClCompile>
    <ClCompile Include="Tiger.cpp">
      <Filter>동물시리즈</Filter>
    </ClCompile>
    <ClCompile Include="Hawk.cpp">
      <Filter>동물시리즈</Filter>
    </ClCompile>
    <ClCompile Include="Dog.cpp">
      <Filter>동물시리즈</Filter>
    </ClCompile>
    <ClCompile Include="Shape.cpp">
      <Filter>모양</Filter>
    </ClCompile>
    <ClCompile Include="LinkedList.cpp">
      <Filter>자료구조</Filter>
    </ClCompile>
    <ClCompile Include="FixedStack.cpp">
      <Filter>자료구조</Filter>
    </ClCompile>
    <ClCompile Include="CircularQueue2.cpp">
      <Filter>자료구조</Filter>
    </ClCompile>
    <ClCompile Include="CircularQueue.cpp">
      <Filter>자료구조</Filter>
    </ClCompile>
    <ClCompile Include="Day0908.cpp">
      <Filter>일자별 헬퍼함수</Filter>
    </ClCompile>
    <ClCompile Include="Day0909.cpp">
      <Filter>일자별 헬퍼함수</Filter>
    </ClCompile>
    <ClCompile Include="Day0910.cpp">
      <Filter>일자별 헬퍼함수</Filter>
    </ClCompile>
    <ClCompile Include="Day0911.cpp">
      <Filter>일자별 헬퍼함수</Filter>
    </ClCompile>
    <ClCompile Include="Day0912.cpp">
      <Filter>일자별 헬퍼함수</Filter>
    </ClCompile>
    <ClCompile Include="Day0915.cpp">
      <Filter>일자별 헬퍼함수</Filter>
    </ClCompile>
    <ClCompile Include="Day0916.cpp">
      <Filter>일자별 헬퍼함수</Filter>
    </ClCompile>
    <ClCompile Include="Day0917.cpp">
      <Filter>일자별 헬퍼함수</Filter>
    </ClCompile>
    <ClCompile Include="Day0918.cpp">
      <Filter>일자별 헬퍼함수</Filter>
    </ClCompile>
    <ClCompile Include="Day0919.cpp">
      <Filter>일자별 헬퍼함수</Filter>
    </ClCompile>
    <ClCompile Include="Practice_0905.cpp">
      <Filter>일자별 헬퍼함수</Filter>
    </ClCompile>
    <ClCompile Include="Day0922.cpp">
      <Filter>일자별 헬퍼함수</Filter>
    </ClCompile>
    <ClCompile Include="HiddenMap.cpp">
      <Filter>BattleShip</Filter>
    </ClCompile>
    <ClCompile Include="PlayerMap.cpp">
      <Filter>BattleShip</Filter>
    </ClCompile>
    <ClCompile Include="Ship.cpp">
      <Filter>BattleShip</Filter>
    </ClCompile>
    <ClCompile Include="ShipManager.cpp">
      <Filter>BattleShip</Filter>
    </ClCompile>
    <ClCompile Include="BattleShip.cpp">
      <Filter>BattleShip</Filter>
    </ClCompile>
    <ClCompile Include="Car.cpp">
      <Filter>소스 파일</Filter>
    </ClCompile>
    <ClCompile Include="BinarySearchTree.cpp">
      <Filter>자료구조</Filter>
    </ClCompile>
    <ClCompile Include="Day0923.cpp">
      <Filter>소스 파일</Filter>
    </ClCompile>
  </ItemGroup>
  <ItemGroup>
    <ClInclude Include="header.h">
      <Filter>헤더 파일</Filter>
    </ClInclude>
    <ClInclude Include="TestMath.h">
      <Filter>헤더 파일</Filter>
    </ClInclude>
    <ClInclude Include="Position.h">
      <Filter>헤더 파일</Filter>
    </ClInclude>
    <ClInclude Include="DayOfWeek.h">
      <Filter>헤더 파일</Filter>
    </ClInclude>
    <ClInclude Include="Blackjack.h">
      <Filter>헤더 파일</Filter>
    </ClInclude>
    <ClInclude Include="Car.h">
      <Filter>헤더 파일</Filter>
    </ClInclude>
    <ClInclude Include="Animal.h">
      <Filter>동물시리즈</Filter>
    </ClInclude>
    <ClInclude Include="Tiger.h">
      <Filter>동물시리즈</Filter>
    </ClInclude>
    <ClInclude Include="Hawk.h">
      <Filter>동물시리즈</Filter>
    </ClInclude>
    <ClInclude Include="TestSample.h">
      <Filter>헤더 파일</Filter>
    </ClInclude>
    <ClInclude Include="Dog.h">
      <Filter>동물시리즈</Filter>
    </ClInclude>
    <ClInclude Include="Shape.h">
      <Filter>모양</Filter>
    </ClInclude>
    <ClInclude Include="IFlyable.h">
      <Filter>동물시리즈</Filter>
    </ClInclude>
    <ClInclude Include="ICanBattle.h">
      <Filter>동물시리즈</Filter>
    </ClInclude>
    <ClInclude Include="LinkedList.h">
      <Filter>자료구조</Filter>
    </ClInclude>
    <ClInclude Include="FixedStack.h">
      <Filter>자료구조</Filter>
    </ClInclude>
    <ClInclude Include="CircularQueue.h">
      <Filter>자료구조</Filter>
    </ClInclude>
    <ClInclude Include="CircularQueue2.h">
      <Filter>자료구조</Filter>
    </ClInclude>
    <ClInclude Include="Day0908.h">
      <Filter>일자별 헬퍼함수</Filter>
    </ClInclude>
    <ClInclude Include="Day0909.h">
      <Filter>일자별 헬퍼함수</Filter>
    </ClInclude>
    <ClInclude Include="Day0910.h">
      <Filter>일자별 헬퍼함수</Filter>
    </ClInclude>
    <ClInclude Include="Day0911.h">
      <Filter>일자별 헬퍼함수</Filter>
    </ClInclude>
    <ClInclude Include="Day0912.h">
      <Filter>일자별 헬퍼함수</Filter>
    </ClInclude>
    <ClInclude Include="Day0915.h">
      <Filter>일자별 헬퍼함수</Filter>
    </ClInclude>
    <ClInclude Include="Day0916.h">
      <Filter>일자별 헬퍼함수</Filter>
    </ClInclude>
    <ClInclude Include="Day0917.h">
      <Filter>일자별 헬퍼함수</Filter>
    </ClInclude>
    <ClInclude Include="Day0918.h">
      <Filter>일자별 헬퍼함수</Filter>
    </ClInclude>
    <ClInclude Include="Day0919.h">
      <Filter>일자별 헬퍼함수</Filter>
    </ClInclude>
    <ClInclude Include="Practice_0905.h">
      <Filter>일자별 헬퍼함수</Filter>
    </ClInclude>
    <ClInclude Include="Day0922.h">
      <Filter>일자별 헬퍼함수</Filter>
    </ClInclude>
    <ClInclude Include="Map.h">
      <Filter>BattleShip</Filter>
    </ClInclude>
    <ClInclude Include="HiddenMap.h">
      <Filter>BattleShip</Filter>
    </ClInclude>
    <ClInclude Include="PlayerMap.h">
      <Filter>BattleShip</Filter>
    </ClInclude>
    <ClInclude Include="Ship.h">
      <Filter>BattleShip</Filter>
    </ClInclude>
    <ClInclude Include="ShipManager.h">
      <Filter>BattleShip</Filter>
    </ClInclude>
    <ClInclude Include="BattleShip.h">
      <Filter>BattleShip</Filter>
    </ClInclude>
    <ClInclude Include="BinarySearchTree.h">
      <Filter>자료구조</Filter>
    </ClInclude>
    <ClInclude Include="Coordinate.h">
      <Filter>헤더 파일</Filter>
    </ClInclude>
    <ClInclude Include="Day0923.h">
      <Filter>헤더 파일</Filter>
    </ClInclude>
  </ItemGroup>
</Project>